
Microsoft Visual Studio Solution File, Format Version 12.00
# Visual Studio Version 16
VisualStudioVersion = 16.0.30204.135
MinimumVisualStudioVersion = 10.0.40219.1
Project("{FAE04EC0-301F-11D3-BF4B-00C04F79EFBC}") = "Proje2", "Proje2\Proje2.csproj", "{52FC918A-D479-4F29-82B6-544A21DD7490}"
EndProject
Project("{FAE04EC0-301F-11D3-BF4B-00C04F79EFBC}") = "MvcFirmaCagri1", "..\MvcFirmaCagri1\MvcFirmaCagri1\MvcFirmaCagri1.csproj", "{C6C84455-2C0D-4982-A845-82633D476CCE}"
EndProject
Global
	GlobalSection(SolutionConfigurationPlatforms) = preSolution
		Debug|Any CPU = Debug|Any CPU
		Release|Any CPU = Release|Any CPU
	EndGlobalSection
	GlobalSection(ProjectConfigurationPlatforms) = postSolution
		{52FC918A-D479-4F29-82B6-544A21DD7490}.Debug|Any CPU.ActiveCfg = Debug|Any CPU
		{52FC918A-D479-4F29-82B6-544A21DD7490}.Debug|Any CPU.Build.0 = Debug|Any CPU
		{52FC918A-D479-4F29-82B6-544A21DD7490}.Release|Any CPU.ActiveCfg = Release|Any CPU
		{52FC918A-D479-4F29-82B6-544A21DD7490}.Release|Any CPU.Build.0 = Release|Any CPU
		{C6C84455-2C0D-4982-A845-82633D476CCE}.Debug|Any CPU.ActiveCfg = Debug|Any CPU
		{C6C84455-2C0D-4982-A845-82633D476CCE}.Debug|Any CPU.Build.0 = Debug|Any CPU
		{C6C84455-2C0D-4982-A845-82633D476CCE}.Release|Any CPU.ActiveCfg = Release|Any CPU
		{C6C84455-2C0D-4982-A845-82633D476CCE}.Release|Any CPU.Build.0 = Release|Any CPU
	EndGlobalSection
	GlobalSection(SolutionProperties) = preSolution
		HideSolutionNode = FALSE
	EndGlobalSection
	GlobalSection(ExtensibilityGlobals) = postSolution
		SolutionGuid = {78FA940B-8A13-40BD-BFB2-8A8B2F543411}
	EndGlobalSection
EndGlobal
